
Microsoft Visual Studio Solution File, Format Version 11.00
# Visual Studio 2010
Project("{FAE04EC0-301F-11D3-BF4B-00C04F79EFBC}") = "Lee-Me.Android", "src\Lee-Me.Android.csproj", "{9447D37B-6F92-4FC0-BFE1-0BA591C83313}"
EndProject
Global
	GlobalSection(SolutionConfigurationPlatforms) = preSolution
		Debug|Any CPU = Debug|Any CPU
		Release|Any CPU = Release|Any CPU
	EndGlobalSection
	GlobalSection(ProjectConfigurationPlatforms) = postSolution
		{9447D37B-6F92-4FC0-BFE1-0BA591C83313}.Debug|Any CPU.ActiveCfg = Debug|Any CPU
		{9447D37B-6F92-4FC0-BFE1-0BA591C83313}.Debug|Any CPU.Build.0 = Debug|Any CPU
		{9447D37B-6F92-4FC0-BFE1-0BA591C83313}.Release|Any CPU.ActiveCfg = Release|Any CPU
		{9447D37B-6F92-4FC0-BFE1-0BA591C83313}.Release|Any CPU.Build.0 = Release|Any CPU
	EndGlobalSection
	GlobalSection(MonoDevelopProperties) = preSolution
		StartupItem = src\Lee-Me.Android.csproj
	EndGlobalSection
EndGlobal
